
Microsoft Visual Studio Solution File, Format Version 12.00
# Visual Studio 15
Project("{FAE04EC0-301F-11D3-BF4B-00C04F79EFBC}") = "Teste4.Android", "Teste4.Android\Teste4.Android.csproj", "{8861650D-29DE-42DA-B50C-9A5D66A34BF7}"
EndProject
Project("{FAE04EC0-301F-11D3-BF4B-00C04F79EFBC}") = "Teste4.iOS", "Teste4.iOS\Teste4.iOS.csproj", "{DA82C3DC-9936-4625-8FB4-2C02D283D158}"
EndProject
Project("{FAE04EC0-301F-11D3-BF4B-00C04F79EFBC}") = "Teste4", "Teste4\Teste4.csproj", "{CE5B1C60-9D3A-40A7-907C-F623B4F19110}"
EndProject
Global
	GlobalSection(SolutionConfigurationPlatforms) = preSolution
		Debug|Any CPU = Debug|Any CPU
		Release|Any CPU = Release|Any CPU
		Debug|iPhoneSimulator = Debug|iPhoneSimulator
		Release|iPhoneSimulator = Release|iPhoneSimulator
		Debug|iPhone = Debug|iPhone
		Release|iPhone = Release|iPhone
		Ad-Hoc|iPhone = Ad-Hoc|iPhone
		AppStore|iPhone = AppStore|iPhone
	EndGlobalSection
	GlobalSection(ProjectConfigurationPlatforms) = postSolution
		{8861650D-29DE-42DA-B50C-9A5D66A34BF7}.Debug|Any CPU.ActiveCfg = Debug|Any CPU
		{8861650D-29DE-42DA-B50C-9A5D66A34BF7}.Debug|Any CPU.Build.0 = Debug|Any CPU
		{8861650D-29DE-42DA-B50C-9A5D66A34BF7}.Release|Any CPU.ActiveCfg = Release|Any CPU
		{8861650D-29DE-42DA-B50C-9A5D66A34BF7}.Release|Any CPU.Build.0 = Release|Any CPU
		{8861650D-29DE-42DA-B50C-9A5D66A34BF7}.Debug|iPhoneSimulator.ActiveCfg = Debug|Any CPU
		{8861650D-29DE-42DA-B50C-9A5D66A34BF7}.Debug|iPhoneSimulator.Build.0 = Debug|Any CPU
		{8861650D-29DE-42DA-B50C-9A5D66A34BF7}.Release|iPhoneSimulator.ActiveCfg = Release|Any CPU
		{8861650D-29DE-42DA-B50C-9A5D66A34BF7}.Release|iPhoneSimulator.Build.0 = Release|Any CPU
		{8861650D-29DE-42DA-B50C-9A5D66A34BF7}.Debug|iPhone.ActiveCfg = Debug|Any CPU
		{8861650D-29DE-42DA-B50C-9A5D66A34BF7}.Debug|iPhone.Build.0 = Debug|Any CPU
		{8861650D-29DE-42DA-B50C-9A5D66A34BF7}.Release|iPhone.ActiveCfg = Release|Any CPU
		{8861650D-29DE-42DA-B50C-9A5D66A34BF7}.Release|iPhone.Build.0 = Release|Any CPU
		{8861650D-29DE-42DA-B50C-9A5D66A34BF7}.Ad-Hoc|iPhone.ActiveCfg = Debug|Any CPU
		{8861650D-29DE-42DA-B50C-9A5D66A34BF7}.Ad-Hoc|iPhone.Build.0 = Debug|Any CPU
		{8861650D-29DE-42DA-B50C-9A5D66A34BF7}.AppStore|iPhone.ActiveCfg = Debug|Any CPU
		{8861650D-29DE-42DA-B50C-9A5D66A34BF7}.AppStore|iPhone.Build.0 = Debug|Any CPU
		{DA82C3DC-9936-4625-8FB4-2C02D283D158}.Debug|Any CPU.ActiveCfg = Debug|iPhoneSimulator
		{DA82C3DC-9936-4625-8FB4-2C02D283D158}.Debug|Any CPU.Build.0 = Debug|iPhoneSimulator
		{DA82C3DC-9936-4625-8FB4-2C02D283D158}.Release|Any CPU.ActiveCfg = Release|iPhoneSimulator
		{DA82C3DC-9936-4625-8FB4-2C02D283D158}.Release|Any CPU.Build.0 = Release|iPhoneSimulator
		{DA82C3DC-9936-4625-8FB4-2C02D283D158}.Debug|iPhoneSimulator.ActiveCfg = Debug|iPhoneSimulator
		{DA82C3DC-9936-4625-8FB4-2C02D283D158}.Debug|iPhoneSimulator.Build.0 = Debug|iPhoneSimulator
		{DA82C3DC-9936-4625-8FB4-2C02D283D158}.Release|iPhoneSimulator.ActiveCfg = Release|iPhoneSimulator
		{DA82C3DC-9936-4625-8FB4-2C02D283D158}.Release|iPhoneSimulator.Build.0 = Release|iPhoneSimulator
		{DA82C3DC-9936-4625-8FB4-2C02D283D158}.Debug|iPhone.ActiveCfg = Debug|iPhone
		{DA82C3DC-9936-4625-8FB4-2C02D283D158}.Debug|iPhone.Build.0 = Debug|iPhone
		{DA82C3DC-9936-4625-8FB4-2C02D283D158}.Release|iPhone.ActiveCfg = Release|iPhone
		{DA82C3DC-9936-4625-8FB4-2C02D283D158}.Release|iPhone.Build.0 = Release|iPhone
		{DA82C3DC-9936-4625-8FB4-2C02D283D158}.Ad-Hoc|iPhone.ActiveCfg = Ad-Hoc|iPhone
		{DA82C3DC-9936-4625-8FB4-2C02D283D158}.Ad-Hoc|iPhone.Build.0 = Ad-Hoc|iPhone
		{DA82C3DC-9936-4625-8FB4-2C02D283D158}.AppStore|iPhone.ActiveCfg = AppStore|iPhone
		{DA82C3DC-9936-4625-8FB4-2C02D283D158}.AppStore|iPhone.Build.0 = AppStore|iPhone
		{CE5B1C60-9D3A-40A7-907C-F623B4F19110}.Debug|Any CPU.ActiveCfg = Debug|Any CPU
		{CE5B1C60-9D3A-40A7-907C-F623B4F19110}.Debug|Any CPU.Build.0 = Debug|Any CPU
		{CE5B1C60-9D3A-40A7-907C-F623B4F19110}.Release|Any CPU.ActiveCfg = Release|Any CPU
		{CE5B1C60-9D3A-40A7-907C-F623B4F19110}.Release|Any CPU.Build.0 = Release|Any CPU
		{CE5B1C60-9D3A-40A7-907C-F623B4F19110}.Debug|iPhoneSimulator.ActiveCfg = Debug|Any CPU
		{CE5B1C60-9D3A-40A7-907C-F623B4F19110}.Debug|iPhoneSimulator.Build.0 = Debug|Any CPU
		{CE5B1C60-9D3A-40A7-907C-F623B4F19110}.Release|iPhoneSimulator.ActiveCfg = Release|Any CPU
		{CE5B1C60-9D3A-40A7-907C-F623B4F19110}.Release|iPhoneSimulator.Build.0 = Release|Any CPU
		{CE5B1C60-9D3A-40A7-907C-F623B4F19110}.Debug|iPhone.ActiveCfg = Debug|Any CPU
		{CE5B1C60-9D3A-40A7-907C-F623B4F19110}.Debug|iPhone.Build.0 = Debug|Any CPU
		{CE5B1C60-9D3A-40A7-907C-F623B4F19110}.Release|iPhone.ActiveCfg = Release|Any CPU
		{CE5B1C60-9D3A-40A7-907C-F623B4F19110}.Release|iPhone.Build.0 = Release|Any CPU
		{CE5B1C60-9D3A-40A7-907C-F623B4F19110}.Ad-Hoc|iPhone.ActiveCfg = Debug|Any CPU
		{CE5B1C60-9D3A-40A7-907C-F623B4F19110}.Ad-Hoc|iPhone.Build.0 = Debug|Any CPU
		{CE5B1C60-9D3A-40A7-907C-F623B4F19110}.AppStore|iPhone.ActiveCfg = Debug|Any CPU
		{CE5B1C60-9D3A-40A7-907C-F623B4F19110}.AppStore|iPhone.Build.0 = Debug|Any CPU
	EndGlobalSection
EndGlobal
